
Microsoft Visual Studio Solution File, Format Version 12.00
# Visual Studio Version 16
VisualStudioVersion = 16.0.29306.81
MinimumVisualStudioVersion = 10.0.40219.1
Project("{FAE04EC0-301F-11D3-BF4B-00C04F79EFBC}") = "Tomato", "Tomato\Tomato.csproj", "{27C60F17-EA26-40EB-B6A2-52C4F1324B68}"
EndProject
Global
	GlobalSection(SolutionConfigurationPlatforms) = preSolution
		Debug|Any CPU = Debug|Any CPU
		Release|Any CPU = Release|Any CPU
	EndGlobalSection
	GlobalSection(ProjectConfigurationPlatforms) = postSolution
		{27C60F17-EA26-40EB-B6A2-52C4F1324B68}.Debug|Any CPU.ActiveCfg = Debug|Any CPU
		{27C60F17-EA26-40EB-B6A2-52C4F1324B68}.Debug|Any CPU.Build.0 = Debug|Any CPU
		{27C60F17-EA26-40EB-B6A2-52C4F1324B68}.Release|Any CPU.ActiveCfg = Release|Any CPU
		{27C60F17-EA26-40EB-B6A2-52C4F1324B68}.Release|Any CPU.Build.0 = Release|Any CPU
	EndGlobalSection
	GlobalSection(SolutionProperties) = preSolution
		HideSolutionNode = FALSE
	EndGlobalSection
	GlobalSection(ExtensibilityGlobals) = postSolution
		SolutionGuid = {796DE98D-EB49-48AC-BD16-9DB44F992388}
	EndGlobalSection
EndGlobal
